// !$*UTF8*$!
{
	archiveVersion = 1;
	classes = {
	};
	objectVersion = 55;
	objects = {

/* Begin PBXBuildFile section */
		7AE1B59E280B7D13004BA8B8 /* Cards2App.swift in Sources */ = {isa = PBXBuildFile; fileRef = 7AE1B59D280B7D13004BA8B8 /* Cards2App.swift */; };
		7AE1B5A0280B7D13004BA8B8 /* ContentView.swift in Sources */ = {isa = PBXBuildFile; fileRef = 7AE1B59F280B7D13004BA8B8 /* ContentView.swift */; };
		7AE1B5A2280B7D14004BA8B8 /* Assets.xcassets in Resources */ = {isa = PBXBuildFile; fileRef = 7AE1B5A1280B7D14004BA8B8 /* Assets.xcassets */; };
		7AE1B5A5280B7D14004BA8B8 /* Preview Assets.xcassets in Resources */ = {isa = PBXBuildFile; fileRef = 7AE1B5A4280B7D14004BA8B8 /* Preview Assets.xcassets */; };
		7AE1B5AC280B7D75004BA8B8 /* CardsListView.swift in Sources */ = {isa = PBXBuildFile; fileRef = 7AE1B5AB280B7D75004BA8B8 /* CardsListView.swift */; };
		7AE1B5AE280B7E31004BA8B8 /* CardThumbnailView.swift in Sources */ = {isa = PBXBuildFile; fileRef = 7AE1B5AD280B7E31004BA8B8 /* CardThumbnailView.swift */; };
		7AE1B5B4280B80BD004BA8B8 /* ViewState.swift in Sources */ = {isa = PBXBuildFile; fileRef = 7AE1B5B3280B80BD004BA8B8 /* ViewState.swift */; };
		7AE1B5B6280B837D004BA8B8 /* CardDetailView.swift in Sources */ = {isa = PBXBuildFile; fileRef = 7AE1B5B5280B837D004BA8B8 /* CardDetailView.swift */; };
		7AE1B5B8280B842A004BA8B8 /* CardModal.swift in Sources */ = {isa = PBXBuildFile; fileRef = 7AE1B5B7280B842A004BA8B8 /* CardModal.swift */; };
		7AE1B5BA280B847B004BA8B8 /* CardBottomToolbar.swift in Sources */ = {isa = PBXBuildFile; fileRef = 7AE1B5B9280B847B004BA8B8 /* CardBottomToolbar.swift */; };
/* End PBXBuildFile section */

/* Begin PBXFileReference section */
		7AE1B59A280B7D13004BA8B8 /* Cards2.app */ = {isa = PBXFileReference; explicitFileType = wrapper.application; includeInIndex = 0; path = Cards2.app; sourceTree = BUILT_PRODUCTS_DIR; };
		7AE1B59D280B7D13004BA8B8 /* Cards2App.swift */ = {isa = PBXFileReference; lastKnownFileType = sourcecode.swift; path = Cards2App.swift; sourceTree = "<group>"; };
		7AE1B59F280B7D13004BA8B8 /* ContentView.swift */ = {isa = PBXFileReference; lastKnownFileType = sourcecode.swift; path = ContentView.swift; sourceTree = "<group>"; };
		7AE1B5A1280B7D14004BA8B8 /* Assets.xcassets */ = {isa = PBXFileReference; lastKnownFileType = folder.assetcatalog; path = Assets.xcassets; sourceTree = "<group>"; };
		7AE1B5A4280B7D14004BA8B8 /* Preview Assets.xcassets */ = {isa = PBXFileReference; lastKnownFileType = folder.assetcatalog; path = "Preview Assets.xcassets"; sourceTree = "<group>"; };
		7AE1B5AB280B7D75004BA8B8 /* CardsListView.swift */ = {isa = PBXFileReference; lastKnownFileType = sourcecode.swift; path = CardsListView.swift; sourceTree = "<group>"; };
		7AE1B5AD280B7E31004BA8B8 /* CardThumbnailView.swift */ = {isa = PBXFileReference; lastKnownFileType = sourcecode.swift; path = CardThumbnailView.swift; sourceTree = "<group>"; };
		7AE1B5B3280B80BD004BA8B8 /* ViewState.swift */ = {isa = PBXFileReference; lastKnownFileType = sourcecode.swift; path = ViewState.swift; sourceTree = "<group>"; };
		7AE1B5B5280B837D004BA8B8 /* CardDetailView.swift */ = {isa = PBXFileReference; lastKnownFileType = sourcecode.swift; path = CardDetailView.swift; sourceTree = "<group>"; };
		7AE1B5B7280B842A004BA8B8 /* CardModal.swift */ = {isa = PBXFileReference; lastKnownFileType = sourcecode.swift; path = CardModal.swift; sourceTree = "<group>"; };
		7AE1B5B9280B847B004BA8B8 /* CardBottomToolbar.swift */ = {isa = PBXFileReference; lastKnownFileType = sourcecode.swift; path = CardBottomToolbar.swift; sourceTree = "<group>"; };
/* End PBXFileReference section */

/* Begin PBXFrameworksBuildPhase section */
		7AE1B597280B7D13004BA8B8 /* Frameworks */ = {
			isa = PBXFrameworksBuildPhase;
			buildActionMask = 2147483647;
			files = (
			);
			runOnlyForDeploymentPostprocessing = 0;
		};
/* End PBXFrameworksBuildPhase section */

/* Begin PBXGroup section */
		7AE1B591280B7D13004BA8B8 = {
			isa = PBXGroup;
			children = (
				7AE1B59C280B7D13004BA8B8 /* Cards2 */,
				7AE1B59B280B7D13004BA8B8 /* Products */,
			);
			sourceTree = "<group>";
		};
		7AE1B59B280B7D13004BA8B8 /* Products */ = {
			isa = PBXGroup;
			children = (
				7AE1B59A280B7D13004BA8B8 /* Cards2.app */,
			);
			name = Products;
			sourceTree = "<group>";
		};
		7AE1B59C280B7D13004BA8B8 /* Cards2 */ = {
			isa = PBXGroup;
			children = (
				7AE1B59D280B7D13004BA8B8 /* Cards2App.swift */,
				7AE1B59F280B7D13004BA8B8 /* ContentView.swift */,
				7AE1B5BB280BB1DD004BA8B8 /* Views */,
				7AE1B5BC280BB1EB004BA8B8 /* Models */,
				7AE1B5A1280B7D14004BA8B8 /* Assets.xcassets */,
				7AE1B5A3280B7D14004BA8B8 /* Preview Content */,
			);
			path = Cards2;
			sourceTree = "<group>";
		};
		7AE1B5A3280B7D14004BA8B8 /* Preview Content */ = {
			isa = PBXGroup;
			children = (
				7AE1B5A4280B7D14004BA8B8 /* Preview Assets.xcassets */,
			);
			path = "Preview Content";
			sourceTree = "<group>";
		};
		7AE1B5BB280BB1DD004BA8B8 /* Views */ = {
			isa = PBXGroup;
			children = (
				7AE1B5AB280B7D75004BA8B8 /* CardsListView.swift */,
				7AE1B5B5280B837D004BA8B8 /* CardDetailView.swift */,
				7AE1B5AD280B7E31004BA8B8 /* CardThumbnailView.swift */,
				7AE1B5B9280B847B004BA8B8 /* CardBottomToolbar.swift */,
			);
			path = Views;
			sourceTree = "<group>";
		};
		7AE1B5BC280BB1EB004BA8B8 /* Models */ = {
			isa = PBXGroup;
			children = (
				7AE1B5B3280B80BD004BA8B8 /* ViewState.swift */,
				7AE1B5B7280B842A004BA8B8 /* CardModal.swift */,
			);
			path = Models;
			sourceTree = "<group>";
		};
/* End PBXGroup section */

/* Begin PBXNativeTarget section */
		7AE1B599280B7D13004BA8B8 /* Cards2 */ = {
			isa = PBXNativeTarget;
			buildConfigurationList = 7AE1B5A8280B7D14004BA8B8 /* Build configuration list for PBXNativeTarget "Cards2" */;
			buildPhases = (
				7AE1B596280B7D13004BA8B8 /* Sources */,
				7AE1B597280B7D13004BA8B8 /* Frameworks */,
				7AE1B598280B7D13004BA8B8 /* Resources */,
			);
			buildRules = (
			);
			dependencies = (
			);
			name = Cards2;
			productName = Cards2;
			productReference = 7AE1B59A280B7D13004BA8B8 /* Cards2.app */;
			productType = "com.apple.product-type.application";
		};
/* End PBXNativeTarget section */

/* Begin PBXProject section */
		7AE1B592280B7D13004BA8B8 /* Project object */ = {
			isa = PBXProject;
			attributes = {
				BuildIndependentTargetsInParallel = 1;
				LastSwiftUpdateCheck = 1330;
				LastUpgradeCheck = 1330;
				TargetAttributes = {
					7AE1B599280B7D13004BA8B8 = {
						CreatedOnToolsVersion = 13.3.1;
					};
				};
			};
			buildConfigurationList = 7AE1B595280B7D13004BA8B8 /* Build configuration list for PBXProject "Cards2" */;
			compatibilityVersion = "Xcode 13.0";
			developmentRegion = en;
			hasScannedForEncodings = 0;
			knownRegions = (
				en,
				Base,
			);
			mainGroup = 7AE1B591280B7D13004BA8B8;
			productRefGroup = 7AE1B59B280B7D13004BA8B8 /* Products */;
			projectDirPath = "";
			projectRoot = "";
			targets = (
				7AE1B599280B7D13004BA8B8 /* Cards2 */,
			);
		};
/* End PBXProject section */

/* Begin PBXResourcesBuildPhase section */
		7AE1B598280B7D13004BA8B8 /* Resources */ = {
			isa = PBXResourcesBuildPhase;
			buildActionMask = 2147483647;
			files = (
				7AE1B5A5280B7D14004BA8B8 /* Preview Assets.xcassets in Resources */,
				7AE1B5A2280B7D14004BA8B8 /* Assets.xcassets in Resources */,
			);
			runOnlyForDeploymentPostprocessing = 0;
		};
/* End PBXResourcesBuildPhase section */

/* Begin PBXSourcesBuildPhase section */
		7AE1B596280B7D13004BA8B8 /* Sources */ = {
			isa = PBXSourcesBuildPhase;
			buildActionMask = 2147483647;
			files = (
				7AE1B5B4280B80BD004BA8B8 /* ViewState.swift in Sources */,
				7AE1B5A0280B7D13004BA8B8 /* ContentView.swift in Sources */,
				7AE1B5AC280B7D75004BA8B8 /* CardsListView.swift in Sources */,
				7AE1B59E280B7D13004BA8B8 /* Cards2App.swift in Sources */,
				7AE1B5BA280B847B004BA8B8 /* CardBottomToolbar.swift in Sources */,
				7AE1B5AE280B7E31004BA8B8 /* CardThumbnailView.swift in Sources */,
				7AE1B5B8280B842A004BA8B8 /* CardModal.swift in Sources */,
				7AE1B5B6280B837D004BA8B8 /* CardDetailView.swift in Sources */,
			);
			runOnlyForDeploymentPostprocessing = 0;
		};
/* End PBXSourcesBuildPhase section */

/* Begin XCBuildConfiguration section */
		7AE1B5A6280B7D14004BA8B8 /* Debug */ = {
			isa = XCBuildConfiguration;
			buildSettings = {
				ALWAYS_SEARCH_USER_PATHS = NO;
				CLANG_ANALYZER_NONNULL = YES;
				CLANG_ANALYZER_NUMBER_OBJECT_CONVERSION = YES_AGGRESSIVE;
				CLANG_CXX_LANGUAGE_STANDARD = "gnu++17";
				CLANG_ENABLE_MODULES = YES;
				CLANG_ENABLE_OBJC_ARC = YES;
				CLANG_ENABLE_OBJC_WEAK = YES;
				CLANG_WARN_BLOCK_CAPTURE_AUTORELEASING = YES;
				CLANG_WARN_BOOL_CONVERSION = YES;
				CLANG_WARN_COMMA = YES;
				CLANG_WARN_CONSTANT_CONVERSION = YES;
				CLANG_WARN_DEPRECATED_OBJC_IMPLEMENTATIONS = YES;
				CLANG_WARN_DIRECT_OBJC_ISA_USAGE = YES_ERROR;
				CLANG_WARN_DOCUMENTATION_COMMENTS = YES;
				CLANG_WARN_EMPTY_BODY = YES;
				CLANG_WARN_ENUM_CONVERSION = YES;
				CLANG_WARN_INFINITE_RECURSION = YES;
				CLANG_WARN_INT_CONVERSION = YES;
				CLANG_WARN_NON_LITERAL_NULL_CONVERSION = YES;
				CLANG_WARN_OBJC_IMPLICIT_RETAIN_SELF = YES;
				CLANG_WARN_OBJC_LITERAL_CONVERSION = YES;
				CLANG_WARN_OBJC_ROOT_CLASS = YES_ERROR;
				CLANG_WARN_QUOTED_INCLUDE_IN_FRAMEWORK_HEADER = YES;
				CLANG_WARN_RANGE_LOOP_ANALYSIS = YES;
				CLANG_WARN_STRICT_PROTOTYPES = YES;
				CLANG_WARN_SUSPICIOUS_MOVE = YES;
				CLANG_WARN_UNGUARDED_AVAILABILITY = YES_AGGRESSIVE;
				CLANG_WARN_UNREACHABLE_CODE = YES;
				CLANG_WARN__DUPLICATE_METHOD_MATCH = YES;
				COPY_PHASE_STRIP = NO;
				DEBUG_INFORMATION_FORMAT = dwarf;
				ENABLE_STRICT_OBJC_MSGSEND = YES;
				ENABLE_TESTABILITY = YES;
				GCC_C_LANGUAGE_STANDARD = gnu11;
				GCC_DYNAMIC_NO_PIC = NO;
				GCC_NO_COMMON_BLOCKS = YES;
				GCC_OPTIMIZATION_LEVEL = 0;
				GCC_PREPROCESSOR_DEFINITIONS = (
					"DEBUG=1",
					"$(inherited)",
				);
				GCC_WARN_64_TO_32_BIT_CONVERSION = YES;
				GCC_WARN_ABOUT_RETURN_TYPE = YES_ERROR;
				GCC_WARN_UNDECLARED_SELECTOR = YES;
				GCC_WARN_UNINITIALIZED_AUTOS = YES_AGGRESSIVE;
				GCC_WARN_UNUSED_FUNCTION = YES;
				GCC_WARN_UNUSED_VARIABLE = YES;
				IPHONEOS_DEPLOYMENT_TARGET = 15.4;
				MTL_ENABLE_DEBUG_INFO = INCLUDE_SOURCE;
				MTL_FAST_MATH = YES;
				ONLY_ACTIVE_ARCH = YES;
				SDKROOT = iphoneos;
				SWIFT_ACTIVE_COMPILATION_CONDITIONS = DEBUG;
				SWIFT_OPTIMIZATION_LEVEL = "-Onone";
			};
			name = Debug;
		};
		7AE1B5A7280B7D14004BA8B8 /* Release */ = {
			isa = XCBuildConfiguration;
			buildSettings = {
				ALWAYS_SEARCH_USER_PATHS = NO;
				CLANG_ANALYZER_NONNULL = YES;
				CLANG_ANALYZER_NUMBER_OBJECT_CONVERSION = YES_AGGRESSIVE;
				CLANG_CXX_LANGUAGE_STANDARD = "gnu++17";
				CLANG_ENABLE_MODULES = YES;
				CLANG_ENABLE_OBJC_ARC = YES;
				CLANG_ENABLE_OBJC_WEAK = YES;
				CLANG_WARN_BLOCK_CAPTURE_AUTORELEASING = YES;
				CLANG_WARN_BOOL_CONVERSION = YES;
				CLANG_WARN_COMMA = YES;
				CLANG_WARN_CONSTANT_CONVERSION = YES;
				CLANG_WARN_DEPRECATED_OBJC_IMPLEMENTATIONS = YES;
				CLANG_WARN_DIRECT_OBJC_ISA_USAGE = YES_ERROR;
				CLANG_WARN_DOCUMENTATION_COMMENTS = YES;
				CLANG_WARN_EMPTY_BODY = YES;
				CLANG_WARN_ENUM_CONVERSION = YES;
				CLANG_WARN_INFINITE_RECURSION = YES;
				CLANG_WARN_INT_CONVERSION = YES;
				CLANG_WARN_NON_LITERAL_NULL_CONVERSION = YES;
				CLANG_WARN_OBJC_IMPLICIT_RETAIN_SELF = YES;
				CLANG_WARN_OBJC_LITERAL_CONVERSION = YES;
				CLANG_WARN_OBJC_ROOT_CLASS = YES_ERROR;
				CLANG_WARN_QUOTED_INCLUDE_IN_FRAMEWORK_HEADER = YES;
				CLANG_WARN_RANGE_LOOP_ANALYSIS = YES;
				CLANG_WARN_STRICT_PROTOTYPES = YES;
				CLANG_WARN_SUSPICIOUS_MOVE = YES;
				CLANG_WARN_UNGUARDED_AVAILABILITY = YES_AGGRESSIVE;
				CLANG_WARN_UNREACHABLE_CODE = YES;
				CLANG_WARN__DUPLICATE_METHOD_MATCH = YES;
				COPY_PHASE_STRIP = NO;
				DEBUG_INFORMATION_FORMAT = "dwarf-with-dsym";
				ENABLE_NS_ASSERTIONS = NO;
				ENABLE_STRICT_OBJC_MSGSEND = YES;
				GCC_C_LANGUAGE_STANDARD = gnu11;
				GCC_NO_COMMON_BLOCKS = YES;
				GCC_WARN_64_TO_32_BIT_CONVERSION = YES;
				GCC_WARN_ABOUT_RETURN_TYPE = YES_ERROR;
				GCC_WARN_UNDECLARED_SELECTOR = YES;
				GCC_WARN_UNINITIALIZED_AUTOS = YES_AGGRESSIVE;
				GCC_WARN_UNUSED_FUNCTION = YES;
				GCC_WARN_UNUSED_VARIABLE = YES;
				IPHONEOS_DEPLOYMENT_TARGET = 15.4;
				MTL_ENABLE_DEBUG_INFO = NO;
				MTL_FAST_MATH = YES;
				SDKROOT = iphoneos;
				SWIFT_COMPILATION_MODE = wholemodule;
				SWIFT_OPTIMIZATION_LEVEL = "-O";
				VALIDATE_PRODUCT = YES;
			};
			name = Release;
		};
		7AE1B5A9280B7D14004BA8B8 /* Debug */ = {
			isa = XCBuildConfiguration;
			buildSettings = {
				ASSETCATALOG_COMPILER_APPICON_NAME = AppIcon;
				ASSETCATALOG_COMPILER_GLOBAL_ACCENT_COLOR_NAME = AccentColor;
				CODE_SIGN_STYLE = Automatic;
				CURRENT_PROJECT_VERSION = 1;
				DEVELOPMENT_ASSET_PATHS = "\"Cards2/Preview Content\"";
				DEVELOPMENT_TEAM = 6X47T39326;
				ENABLE_PREVIEWS = YES;
				GENERATE_INFOPLIST_FILE = YES;
				INFOPLIST_KEY_UIApplicationSceneManifest_Generation = YES;
				INFOPLIST_KEY_UIApplicationSupportsIndirectInputEvents = YES;
				INFOPLIST_KEY_UILaunchScreen_Generation = YES;
				INFOPLIST_KEY_UISupportedInterfaceOrientations_iPad = "UIInterfaceOrientationPortrait UIInterfaceOrientationPortraitUpsideDown UIInterfaceOrientationLandscapeLeft UIInterfaceOrientationLandscapeRight";
				INFOPLIST_KEY_UISupportedInterfaceOrientations_iPhone = "UIInterfaceOrientationPortrait UIInterfaceOrientationLandscapeLeft UIInterfaceOrientationLandscapeRight";
				LD_RUNPATH_SEARCH_PATHS = (
					"$(inherited)",
					"@executable_path/Frameworks",
				);
				MARKETING_VERSION = 1.0;
				PRODUCT_BUNDLE_IDENTIFIER = com.nathan.Cards2;
				PRODUCT_NAME = "$(TARGET_NAME)";
				SWIFT_EMIT_LOC_STRINGS = YES;
				SWIFT_VERSION = 5.0;
				TARGETED_DEVICE_FAMILY = "1,2";
			};
			name = Debug;
		};
		7AE1B5AA280B7D14004BA8B8 /* Release */ = {
			isa = XCBuildConfiguration;
			buildSettings = {
				ASSETCATALOG_COMPILER_APPICON_NAME = AppIcon;
				ASSETCATALOG_COMPILER_GLOBAL_ACCENT_COLOR_NAME = AccentColor;
				CODE_SIGN_STYLE = Automatic;
				CURRENT_PROJECT_VERSION = 1;
				DEVELOPMENT_ASSET_PATHS = "\"Cards2/Preview Content\"";
				DEVELOPMENT_TEAM = 6X47T39326;
				ENABLE_PREVIEWS = YES;
				GENERATE_INFOPLIST_FILE = YES;
				INFOPLIST_KEY_UIApplicationSceneManifest_Generation = YES;
				INFOPLIST_KEY_UIApplicationSupportsIndirectInputEvents = YES;
				INFOPLIST_KEY_UILaunchScreen_Generation = YES;
				INFOPLIST_KEY_UISupportedInterfaceOrientations_iPad = "UIInterfaceOrientationPortrait UIInterfaceOrientationPortraitUpsideDown UIInterfaceOrientationLandscapeLeft UIInterfaceOrientationLandscapeRight";
				INFOPLIST_KEY_UISupportedInterfaceOrientations_iPhone = "UIInterfaceOrientationPortrait UIInterfaceOrientationLandscapeLeft UIInterfaceOrientationLandscapeRight";
				LD_RUNPATH_SEARCH_PATHS = (
					"$(inherited)",
					"@executable_path/Frameworks",
				);
				MARKETING_VERSION = 1.0;
				PRODUCT_BUNDLE_IDENTIFIER = com.nathan.Cards2;
				PRODUCT_NAME = "$(TARGET_NAME)";
				SWIFT_EMIT_LOC_STRINGS = YES;
				SWIFT_VERSION = 5.0;
				TARGETED_DEVICE_FAMILY = "1,2";
			};
			name = Release;
		};
/* End XCBuildConfiguration section */

/* Begin XCConfigurationList section */
		7AE1B595280B7D13004BA8B8 /* Build configuration list for PBXProject "Cards2" */ = {
			isa = XCConfigurationList;
			buildConfigurations = (
				7AE1B5A6280B7D14004BA8B8 /* Debug */,
				7AE1B5A7280B7D14004BA8B8 /* Release */,
			);
			defaultConfigurationIsVisible = 0;
			defaultConfigurationName = Release;
		};
		7AE1B5A8280B7D14004BA8B8 /* Build configuration list for PBXNativeTarget "Cards2" */ = {
			isa = XCConfigurationList;
			buildConfigurations = (
				7AE1B5A9280B7D14004BA8B8 /* Debug */,
				7AE1B5AA280B7D14004BA8B8 /* Release */,
			);
			defaultConfigurationIsVisible = 0;
			defaultConfigurationName = Release;
		};
/* End XCConfigurationList section */
	};
	rootObject = 7AE1B592280B7D13004BA8B8 /* Project object */;
}
