// !$*UTF8*$!
{
	archiveVersion = 1;
	classes = {
	};
	objectVersion = 55;
	objects = {

/* Begin PBXBuildFile section */
		7A1660F6280ECE8D0093DF73 /* Card.swift in Sources */ = {isa = PBXBuildFile; fileRef = 7A1660F5280ECE8D0093DF73 /* Card.swift */; };
		7A1660F8280ECE9D0093DF73 /* CardStore.swift in Sources */ = {isa = PBXBuildFile; fileRef = 7A1660F7280ECE9D0093DF73 /* CardStore.swift */; };
		7A1660FA280ED7780093DF73 /* CardElementView.swift in Sources */ = {isa = PBXBuildFile; fileRef = 7A1660F9280ED7780093DF73 /* CardElementView.swift */; };
		7A322A70280D7E7B0098CA7D /* Settings.swift in Sources */ = {isa = PBXBuildFile; fileRef = 7A322A6F280D7E7B0098CA7D /* Settings.swift */; };
		7A322A73280D7F990098CA7D /* ColorExtensions.swift in Sources */ = {isa = PBXBuildFile; fileRef = 7A322A72280D7F990098CA7D /* ColorExtensions.swift */; };
		7A322A78280D832E0098CA7D /* CardToolbar.swift in Sources */ = {isa = PBXBuildFile; fileRef = 7A322A77280D832E0098CA7D /* CardToolbar.swift */; };
		7A322A7A280D84110098CA7D /* PreviewData.swift in Sources */ = {isa = PBXBuildFile; fileRef = 7A322A79280D84110098CA7D /* PreviewData.swift */; };
		7A322A7C280D84290098CA7D /* TextExtensions.swift in Sources */ = {isa = PBXBuildFile; fileRef = 7A322A7B280D84290098CA7D /* TextExtensions.swift */; };
		7A3309BB2816B40800E4363C /* PhotoPicker.swift in Sources */ = {isa = PBXBuildFile; fileRef = 7A3309BA2816B40800E4363C /* PhotoPicker.swift */; };
		7A3309BD2816BA7900E4363C /* CardDrop.swift in Sources */ = {isa = PBXBuildFile; fileRef = 7A3309BC2816BA7900E4363C /* CardDrop.swift */; };
		7A3309BF2816BCBB00E4363C /* CanvasView.swift in Sources */ = {isa = PBXBuildFile; fileRef = 7A3309BE2816BCBB00E4363C /* CanvasView.swift */; };
		7A3309C12816C4D700E4363C /* PencilPicker.swift in Sources */ = {isa = PBXBuildFile; fileRef = 7A3309C02816C4D700E4363C /* PencilPicker.swift */; };
		7A3D82A628102358003D4D7D /* CardsView.swift in Sources */ = {isa = PBXBuildFile; fileRef = 7A3D82A528102358003D4D7D /* CardsView.swift */; };
		7A3D82A8281023D8003D4D7D /* SingleCardView.swift in Sources */ = {isa = PBXBuildFile; fileRef = 7A3D82A7281023D8003D4D7D /* SingleCardView.swift */; };
		7A42337B28118D5D00DE8497 /* Stickers in Resources */ = {isa = PBXBuildFile; fileRef = 7A42337A28118D5D00DE8497 /* Stickers */; };
		7A42337D28118D9600DE8497 /* StickerPicker.swift in Sources */ = {isa = PBXBuildFile; fileRef = 7A42337C28118D9600DE8497 /* StickerPicker.swift */; };
		7A7E7F79280C0AEF005C4784 /* ResizableView.swift in Sources */ = {isa = PBXBuildFile; fileRef = 7A7E7F78280C0AEF005C4784 /* ResizableView.swift */; };
		7A7E7F7B280C0B5A005C4784 /* Transform.swift in Sources */ = {isa = PBXBuildFile; fileRef = 7A7E7F7A280C0B5A005C4784 /* Transform.swift */; };
		7A7E7F7D280C0D78005C4784 /* Operators.swift in Sources */ = {isa = PBXBuildFile; fileRef = 7A7E7F7C280C0D78005C4784 /* Operators.swift */; };
		7AE1B59E280B7D13004BA8B8 /* Cards2App.swift in Sources */ = {isa = PBXBuildFile; fileRef = 7AE1B59D280B7D13004BA8B8 /* Cards2App.swift */; };
		7AE1B5A0280B7D13004BA8B8 /* ContentView.swift in Sources */ = {isa = PBXBuildFile; fileRef = 7AE1B59F280B7D13004BA8B8 /* ContentView.swift */; };
		7AE1B5A2280B7D14004BA8B8 /* Assets.xcassets in Resources */ = {isa = PBXBuildFile; fileRef = 7AE1B5A1280B7D14004BA8B8 /* Assets.xcassets */; };
		7AE1B5A5280B7D14004BA8B8 /* Preview Assets.xcassets in Resources */ = {isa = PBXBuildFile; fileRef = 7AE1B5A4280B7D14004BA8B8 /* Preview Assets.xcassets */; };
		7AE1B5AC280B7D75004BA8B8 /* CardsListView.swift in Sources */ = {isa = PBXBuildFile; fileRef = 7AE1B5AB280B7D75004BA8B8 /* CardsListView.swift */; };
		7AE1B5AE280B7E31004BA8B8 /* CardThumbnailView.swift in Sources */ = {isa = PBXBuildFile; fileRef = 7AE1B5AD280B7E31004BA8B8 /* CardThumbnailView.swift */; };
		7AE1B5B4280B80BD004BA8B8 /* ViewState.swift in Sources */ = {isa = PBXBuildFile; fileRef = 7AE1B5B3280B80BD004BA8B8 /* ViewState.swift */; };
		7AE1B5B6280B837D004BA8B8 /* CardDetailView.swift in Sources */ = {isa = PBXBuildFile; fileRef = 7AE1B5B5280B837D004BA8B8 /* CardDetailView.swift */; };
		7AE1B5B8280B842A004BA8B8 /* CardModal.swift in Sources */ = {isa = PBXBuildFile; fileRef = 7AE1B5B7280B842A004BA8B8 /* CardModal.swift */; };
		7AE1B5BA280B847B004BA8B8 /* CardBottomToolbar.swift in Sources */ = {isa = PBXBuildFile; fileRef = 7AE1B5B9280B847B004BA8B8 /* CardBottomToolbar.swift */; };
/* End PBXBuildFile section */

/* Begin PBXFileReference section */
		7A1660F5280ECE8D0093DF73 /* Card.swift */ = {isa = PBXFileReference; lastKnownFileType = sourcecode.swift; path = Card.swift; sourceTree = "<group>"; };
		7A1660F7280ECE9D0093DF73 /* CardStore.swift */ = {isa = PBXFileReference; lastKnownFileType = sourcecode.swift; path = CardStore.swift; sourceTree = "<group>"; };
		7A1660F9280ED7780093DF73 /* CardElementView.swift */ = {isa = PBXFileReference; lastKnownFileType = sourcecode.swift; path = CardElementView.swift; sourceTree = "<group>"; };
		7A322A6F280D7E7B0098CA7D /* Settings.swift */ = {isa = PBXFileReference; lastKnownFileType = sourcecode.swift; path = Settings.swift; sourceTree = "<group>"; };
		7A322A72280D7F990098CA7D /* ColorExtensions.swift */ = {isa = PBXFileReference; lastKnownFileType = sourcecode.swift; path = ColorExtensions.swift; sourceTree = "<group>"; };
		7A322A77280D832E0098CA7D /* CardToolbar.swift */ = {isa = PBXFileReference; lastKnownFileType = sourcecode.swift; path = CardToolbar.swift; sourceTree = "<group>"; };
		7A322A79280D84110098CA7D /* PreviewData.swift */ = {isa = PBXFileReference; fileEncoding = 4; lastKnownFileType = sourcecode.swift; path = PreviewData.swift; sourceTree = "<group>"; };
		7A322A7B280D84290098CA7D /* TextExtensions.swift */ = {isa = PBXFileReference; lastKnownFileType = sourcecode.swift; path = TextExtensions.swift; sourceTree = "<group>"; };
		7A3309BA2816B40800E4363C /* PhotoPicker.swift */ = {isa = PBXFileReference; lastKnownFileType = sourcecode.swift; path = PhotoPicker.swift; sourceTree = "<group>"; };
		7A3309BC2816BA7900E4363C /* CardDrop.swift */ = {isa = PBXFileReference; lastKnownFileType = sourcecode.swift; path = CardDrop.swift; sourceTree = "<group>"; };
		7A3309BE2816BCBB00E4363C /* CanvasView.swift */ = {isa = PBXFileReference; lastKnownFileType = sourcecode.swift; path = CanvasView.swift; sourceTree = "<group>"; };
		7A3309C02816C4D700E4363C /* PencilPicker.swift */ = {isa = PBXFileReference; lastKnownFileType = sourcecode.swift; path = PencilPicker.swift; sourceTree = "<group>"; };
		7A3D82A528102358003D4D7D /* CardsView.swift */ = {isa = PBXFileReference; lastKnownFileType = sourcecode.swift; path = CardsView.swift; sourceTree = "<group>"; };
		7A3D82A7281023D8003D4D7D /* SingleCardView.swift */ = {isa = PBXFileReference; lastKnownFileType = sourcecode.swift; path = SingleCardView.swift; sourceTree = "<group>"; };
		7A42337928118A8E00DE8497 /* Info.plist */ = {isa = PBXFileReference; lastKnownFileType = text.plist; path = Info.plist; sourceTree = "<group>"; };
		7A42337A28118D5D00DE8497 /* Stickers */ = {isa = PBXFileReference; lastKnownFileType = folder; name = Stickers; path = "../../../Raywenderich/suia-materials-editions-1.0/16-adding-assets-to-your-app/assets/Stickers"; sourceTree = "<group>"; };
		7A42337C28118D9600DE8497 /* StickerPicker.swift */ = {isa = PBXFileReference; lastKnownFileType = sourcecode.swift; path = StickerPicker.swift; sourceTree = "<group>"; };
		7A7E7F78280C0AEF005C4784 /* ResizableView.swift */ = {isa = PBXFileReference; lastKnownFileType = sourcecode.swift; path = ResizableView.swift; sourceTree = "<group>"; };
		7A7E7F7A280C0B5A005C4784 /* Transform.swift */ = {isa = PBXFileReference; lastKnownFileType = sourcecode.swift; path = Transform.swift; sourceTree = "<group>"; };
		7A7E7F7C280C0D78005C4784 /* Operators.swift */ = {isa = PBXFileReference; lastKnownFileType = sourcecode.swift; path = Operators.swift; sourceTree = "<group>"; };
		7AE1B59A280B7D13004BA8B8 /* Cards2.app */ = {isa = PBXFileReference; explicitFileType = wrapper.application; includeInIndex = 0; path = Cards2.app; sourceTree = BUILT_PRODUCTS_DIR; };
		7AE1B59D280B7D13004BA8B8 /* Cards2App.swift */ = {isa = PBXFileReference; lastKnownFileType = sourcecode.swift; path = Cards2App.swift; sourceTree = "<group>"; };
		7AE1B59F280B7D13004BA8B8 /* ContentView.swift */ = {isa = PBXFileReference; lastKnownFileType = sourcecode.swift; path = ContentView.swift; sourceTree = "<group>"; };
		7AE1B5A1280B7D14004BA8B8 /* Assets.xcassets */ = {isa = PBXFileReference; lastKnownFileType = folder.assetcatalog; path = Assets.xcassets; sourceTree = "<group>"; };
		7AE1B5A4280B7D14004BA8B8 /* Preview Assets.xcassets */ = {isa = PBXFileReference; lastKnownFileType = folder.assetcatalog; path = "Preview Assets.xcassets"; sourceTree = "<group>"; };
		7AE1B5AB280B7D75004BA8B8 /* CardsListView.swift */ = {isa = PBXFileReference; lastKnownFileType = sourcecode.swift; path = CardsListView.swift; sourceTree = "<group>"; };
		7AE1B5AD280B7E31004BA8B8 /* CardThumbnailView.swift */ = {isa = PBXFileReference; lastKnownFileType = sourcecode.swift; path = CardThumbnailView.swift; sourceTree = "<group>"; };
		7AE1B5B3280B80BD004BA8B8 /* ViewState.swift */ = {isa = PBXFileReference; lastKnownFileType = sourcecode.swift; path = ViewState.swift; sourceTree = "<group>"; };
		7AE1B5B5280B837D004BA8B8 /* CardDetailView.swift */ = {isa = PBXFileReference; lastKnownFileType = sourcecode.swift; path = CardDetailView.swift; sourceTree = "<group>"; };
		7AE1B5B7280B842A004BA8B8 /* CardModal.swift */ = {isa = PBXFileReference; lastKnownFileType = sourcecode.swift; path = CardModal.swift; sourceTree = "<group>"; };
		7AE1B5B9280B847B004BA8B8 /* CardBottomToolbar.swift */ = {isa = PBXFileReference; lastKnownFileType = sourcecode.swift; path = CardBottomToolbar.swift; sourceTree = "<group>"; };
/* End PBXFileReference section */

/* Begin PBXFrameworksBuildPhase section */
		7AE1B597280B7D13004BA8B8 /* Frameworks */ = {
			isa = PBXFrameworksBuildPhase;
			buildActionMask = 2147483647;
			files = (
			);
			runOnlyForDeploymentPostprocessing = 0;
		};
/* End PBXFrameworksBuildPhase section */

/* Begin PBXGroup section */
		7A322A71280D7E860098CA7D /* Configs */ = {
			isa = PBXGroup;
			children = (
				7A7E7F7C280C0D78005C4784 /* Operators.swift */,
				7A322A6F280D7E7B0098CA7D /* Settings.swift */,
			);
			path = Configs;
			sourceTree = "<group>";
		};
		7A322A75280D7FB00098CA7D /* Extensions */ = {
			isa = PBXGroup;
			children = (
				7A322A72280D7F990098CA7D /* ColorExtensions.swift */,
				7A322A7B280D84290098CA7D /* TextExtensions.swift */,
			);
			path = Extensions;
			sourceTree = "<group>";
		};
		7A322A76280D80C80098CA7D /* ViewModifiers */ = {
			isa = PBXGroup;
			children = (
				7A7E7F78280C0AEF005C4784 /* ResizableView.swift */,
				7A322A77280D832E0098CA7D /* CardToolbar.swift */,
			);
			path = ViewModifiers;
			sourceTree = "<group>";
		};
		7A3309B92816B3ED00E4363C /* CardModalViews */ = {
			isa = PBXGroup;
			children = (
				7A42337C28118D9600DE8497 /* StickerPicker.swift */,
				7A3309BA2816B40800E4363C /* PhotoPicker.swift */,
				7A3309BC2816BA7900E4363C /* CardDrop.swift */,
				7A3309C02816C4D700E4363C /* PencilPicker.swift */,
				7A3309BE2816BCBB00E4363C /* CanvasView.swift */,
			);
			path = CardModalViews;
			sourceTree = "<group>";
		};
		7AE1B591280B7D13004BA8B8 = {
			isa = PBXGroup;
			children = (
				7AE1B59C280B7D13004BA8B8 /* Cards2 */,
				7AE1B59B280B7D13004BA8B8 /* Products */,
			);
			sourceTree = "<group>";
		};
		7AE1B59B280B7D13004BA8B8 /* Products */ = {
			isa = PBXGroup;
			children = (
				7AE1B59A280B7D13004BA8B8 /* Cards2.app */,
			);
			name = Products;
			sourceTree = "<group>";
		};
		7AE1B59C280B7D13004BA8B8 /* Cards2 */ = {
			isa = PBXGroup;
			children = (
				7A42337928118A8E00DE8497 /* Info.plist */,
				7AE1B59D280B7D13004BA8B8 /* Cards2App.swift */,
				7AE1B59F280B7D13004BA8B8 /* ContentView.swift */,
				7A322A71280D7E860098CA7D /* Configs */,
				7AE1B5BB280BB1DD004BA8B8 /* Views */,
				7A3D82A528102358003D4D7D /* CardsView.swift */,
				7AE1B5AB280B7D75004BA8B8 /* CardsListView.swift */,
				7AE1B5B5280B837D004BA8B8 /* CardDetailView.swift */,
				7AE1B5AD280B7E31004BA8B8 /* CardThumbnailView.swift */,
				7AE1B5B9280B847B004BA8B8 /* CardBottomToolbar.swift */,
				7A1660F9280ED7780093DF73 /* CardElementView.swift */,
				7A3D82A7281023D8003D4D7D /* SingleCardView.swift */,
				7A3309B92816B3ED00E4363C /* CardModalViews */,
				7AE1B5BC280BB1EB004BA8B8 /* Models */,
				7A322A76280D80C80098CA7D /* ViewModifiers */,
				7A322A75280D7FB00098CA7D /* Extensions */,
				7AE1B5A1280B7D14004BA8B8 /* Assets.xcassets */,
				7A42337A28118D5D00DE8497 /* Stickers */,
				7AE1B5A3280B7D14004BA8B8 /* Preview Content */,
			);
			path = Cards2;
			sourceTree = "<group>";
		};
		7AE1B5A3280B7D14004BA8B8 /* Preview Content */ = {
			isa = PBXGroup;
			children = (
				7AE1B5A4280B7D14004BA8B8 /* Preview Assets.xcassets */,
				7A322A79280D84110098CA7D /* PreviewData.swift */,
			);
			path = "Preview Content";
			sourceTree = "<group>";
		};
		7AE1B5BB280BB1DD004BA8B8 /* Views */ = {
			isa = PBXGroup;
			children = (
			);
			path = Views;
			sourceTree = "<group>";
		};
		7AE1B5BC280BB1EB004BA8B8 /* Models */ = {
			isa = PBXGroup;
			children = (
				7AE1B5B3280B80BD004BA8B8 /* ViewState.swift */,
				7AE1B5B7280B842A004BA8B8 /* CardModal.swift */,
				7A7E7F7A280C0B5A005C4784 /* Transform.swift */,
				7A1660F5280ECE8D0093DF73 /* Card.swift */,
				7A1660F7280ECE9D0093DF73 /* CardStore.swift */,
			);
			path = Models;
			sourceTree = "<group>";
		};
/* End PBXGroup section */

/* Begin PBXNativeTarget section */
		7AE1B599280B7D13004BA8B8 /* Cards2 */ = {
			isa = PBXNativeTarget;
			buildConfigurationList = 7AE1B5A8280B7D14004BA8B8 /* Build configuration list for PBXNativeTarget "Cards2" */;
			buildPhases = (
				7AE1B596280B7D13004BA8B8 /* Sources */,
				7AE1B597280B7D13004BA8B8 /* Frameworks */,
				7AE1B598280B7D13004BA8B8 /* Resources */,
			);
			buildRules = (
			);
			dependencies = (
			);
			name = Cards2;
			productName = Cards2;
			productReference = 7AE1B59A280B7D13004BA8B8 /* Cards2.app */;
			productType = "com.apple.product-type.application";
		};
/* End PBXNativeTarget section */

/* Begin PBXProject section */
		7AE1B592280B7D13004BA8B8 /* Project object */ = {
			isa = PBXProject;
			attributes = {
				BuildIndependentTargetsInParallel = 1;
				LastSwiftUpdateCheck = 1330;
				LastUpgradeCheck = 1330;
				TargetAttributes = {
					7AE1B599280B7D13004BA8B8 = {
						CreatedOnToolsVersion = 13.3.1;
					};
				};
			};
			buildConfigurationList = 7AE1B595280B7D13004BA8B8 /* Build configuration list for PBXProject "Cards2" */;
			compatibilityVersion = "Xcode 13.0";
			developmentRegion = en;
			hasScannedForEncodings = 0;
			knownRegions = (
				en,
				Base,
			);
			mainGroup = 7AE1B591280B7D13004BA8B8;
			productRefGroup = 7AE1B59B280B7D13004BA8B8 /* Products */;
			projectDirPath = "";
			projectRoot = "";
			targets = (
				7AE1B599280B7D13004BA8B8 /* Cards2 */,
			);
		};
/* End PBXProject section */

/* Begin PBXResourcesBuildPhase section */
		7AE1B598280B7D13004BA8B8 /* Resources */ = {
			isa = PBXResourcesBuildPhase;
			buildActionMask = 2147483647;
			files = (
				7AE1B5A5280B7D14004BA8B8 /* Preview Assets.xcassets in Resources */,
				7A42337B28118D5D00DE8497 /* Stickers in Resources */,
				7AE1B5A2280B7D14004BA8B8 /* Assets.xcassets in Resources */,
			);
			runOnlyForDeploymentPostprocessing = 0;
		};
/* End PBXResourcesBuildPhase section */

/* Begin PBXSourcesBuildPhase section */
		7AE1B596280B7D13004BA8B8 /* Sources */ = {
			isa = PBXSourcesBuildPhase;
			buildActionMask = 2147483647;
			files = (
				7AE1B5B4280B80BD004BA8B8 /* ViewState.swift in Sources */,
				7A322A73280D7F990098CA7D /* ColorExtensions.swift in Sources */,
				7AE1B5A0280B7D13004BA8B8 /* ContentView.swift in Sources */,
				7A7E7F7B280C0B5A005C4784 /* Transform.swift in Sources */,
				7A322A7C280D84290098CA7D /* TextExtensions.swift in Sources */,
				7AE1B5AC280B7D75004BA8B8 /* CardsListView.swift in Sources */,
				7A3D82A628102358003D4D7D /* CardsView.swift in Sources */,
				7A1660F6280ECE8D0093DF73 /* Card.swift in Sources */,
				7A3D82A8281023D8003D4D7D /* SingleCardView.swift in Sources */,
				7A322A7A280D84110098CA7D /* PreviewData.swift in Sources */,
				7AE1B59E280B7D13004BA8B8 /* Cards2App.swift in Sources */,
				7A3309BB2816B40800E4363C /* PhotoPicker.swift in Sources */,
				7AE1B5BA280B847B004BA8B8 /* CardBottomToolbar.swift in Sources */,
				7A322A70280D7E7B0098CA7D /* Settings.swift in Sources */,
				7A7E7F7D280C0D78005C4784 /* Operators.swift in Sources */,
				7AE1B5AE280B7E31004BA8B8 /* CardThumbnailView.swift in Sources */,
				7A3309BD2816BA7900E4363C /* CardDrop.swift in Sources */,
				7AE1B5B8280B842A004BA8B8 /* CardModal.swift in Sources */,
				7A1660FA280ED7780093DF73 /* CardElementView.swift in Sources */,
				7A322A78280D832E0098CA7D /* CardToolbar.swift in Sources */,
				7A1660F8280ECE9D0093DF73 /* CardStore.swift in Sources */,
				7AE1B5B6280B837D004BA8B8 /* CardDetailView.swift in Sources */,
				7A3309C12816C4D700E4363C /* PencilPicker.swift in Sources */,
				7A7E7F79280C0AEF005C4784 /* ResizableView.swift in Sources */,
				7A3309BF2816BCBB00E4363C /* CanvasView.swift in Sources */,
				7A42337D28118D9600DE8497 /* StickerPicker.swift in Sources */,
			);
			runOnlyForDeploymentPostprocessing = 0;
		};
/* End PBXSourcesBuildPhase section */

/* Begin XCBuildConfiguration section */
		7AE1B5A6280B7D14004BA8B8 /* Debug */ = {
			isa = XCBuildConfiguration;
			buildSettings = {
				ALWAYS_SEARCH_USER_PATHS = NO;
				CLANG_ANALYZER_NONNULL = YES;
				CLANG_ANALYZER_NUMBER_OBJECT_CONVERSION = YES_AGGRESSIVE;
				CLANG_CXX_LANGUAGE_STANDARD = "gnu++17";
				CLANG_ENABLE_MODULES = YES;
				CLANG_ENABLE_OBJC_ARC = YES;
				CLANG_ENABLE_OBJC_WEAK = YES;
				CLANG_WARN_BLOCK_CAPTURE_AUTORELEASING = YES;
				CLANG_WARN_BOOL_CONVERSION = YES;
				CLANG_WARN_COMMA = YES;
				CLANG_WARN_CONSTANT_CONVERSION = YES;
				CLANG_WARN_DEPRECATED_OBJC_IMPLEMENTATIONS = YES;
				CLANG_WARN_DIRECT_OBJC_ISA_USAGE = YES_ERROR;
				CLANG_WARN_DOCUMENTATION_COMMENTS = YES;
				CLANG_WARN_EMPTY_BODY = YES;
				CLANG_WARN_ENUM_CONVERSION = YES;
				CLANG_WARN_INFINITE_RECURSION = YES;
				CLANG_WARN_INT_CONVERSION = YES;
				CLANG_WARN_NON_LITERAL_NULL_CONVERSION = YES;
				CLANG_WARN_OBJC_IMPLICIT_RETAIN_SELF = YES;
				CLANG_WARN_OBJC_LITERAL_CONVERSION = YES;
				CLANG_WARN_OBJC_ROOT_CLASS = YES_ERROR;
				CLANG_WARN_QUOTED_INCLUDE_IN_FRAMEWORK_HEADER = YES;
				CLANG_WARN_RANGE_LOOP_ANALYSIS = YES;
				CLANG_WARN_STRICT_PROTOTYPES = YES;
				CLANG_WARN_SUSPICIOUS_MOVE = YES;
				CLANG_WARN_UNGUARDED_AVAILABILITY = YES_AGGRESSIVE;
				CLANG_WARN_UNREACHABLE_CODE = YES;
				CLANG_WARN__DUPLICATE_METHOD_MATCH = YES;
				COPY_PHASE_STRIP = NO;
				DEBUG_INFORMATION_FORMAT = dwarf;
				ENABLE_STRICT_OBJC_MSGSEND = YES;
				ENABLE_TESTABILITY = YES;
				GCC_C_LANGUAGE_STANDARD = gnu11;
				GCC_DYNAMIC_NO_PIC = NO;
				GCC_NO_COMMON_BLOCKS = YES;
				GCC_OPTIMIZATION_LEVEL = 0;
				GCC_PREPROCESSOR_DEFINITIONS = (
					"DEBUG=1",
					"$(inherited)",
				);
				GCC_WARN_64_TO_32_BIT_CONVERSION = YES;
				GCC_WARN_ABOUT_RETURN_TYPE = YES_ERROR;
				GCC_WARN_UNDECLARED_SELECTOR = YES;
				GCC_WARN_UNINITIALIZED_AUTOS = YES_AGGRESSIVE;
				GCC_WARN_UNUSED_FUNCTION = YES;
				GCC_WARN_UNUSED_VARIABLE = YES;
				IPHONEOS_DEPLOYMENT_TARGET = 15.4;
				MTL_ENABLE_DEBUG_INFO = INCLUDE_SOURCE;
				MTL_FAST_MATH = YES;
				ONLY_ACTIVE_ARCH = YES;
				SDKROOT = iphoneos;
				SWIFT_ACTIVE_COMPILATION_CONDITIONS = DEBUG;
				SWIFT_OPTIMIZATION_LEVEL = "-Onone";
			};
			name = Debug;
		};
		7AE1B5A7280B7D14004BA8B8 /* Release */ = {
			isa = XCBuildConfiguration;
			buildSettings = {
				ALWAYS_SEARCH_USER_PATHS = NO;
				CLANG_ANALYZER_NONNULL = YES;
				CLANG_ANALYZER_NUMBER_OBJECT_CONVERSION = YES_AGGRESSIVE;
				CLANG_CXX_LANGUAGE_STANDARD = "gnu++17";
				CLANG_ENABLE_MODULES = YES;
				CLANG_ENABLE_OBJC_ARC = YES;
				CLANG_ENABLE_OBJC_WEAK = YES;
				CLANG_WARN_BLOCK_CAPTURE_AUTORELEASING = YES;
				CLANG_WARN_BOOL_CONVERSION = YES;
				CLANG_WARN_COMMA = YES;
				CLANG_WARN_CONSTANT_CONVERSION = YES;
				CLANG_WARN_DEPRECATED_OBJC_IMPLEMENTATIONS = YES;
				CLANG_WARN_DIRECT_OBJC_ISA_USAGE = YES_ERROR;
				CLANG_WARN_DOCUMENTATION_COMMENTS = YES;
				CLANG_WARN_EMPTY_BODY = YES;
				CLANG_WARN_ENUM_CONVERSION = YES;
				CLANG_WARN_INFINITE_RECURSION = YES;
				CLANG_WARN_INT_CONVERSION = YES;
				CLANG_WARN_NON_LITERAL_NULL_CONVERSION = YES;
				CLANG_WARN_OBJC_IMPLICIT_RETAIN_SELF = YES;
				CLANG_WARN_OBJC_LITERAL_CONVERSION = YES;
				CLANG_WARN_OBJC_ROOT_CLASS = YES_ERROR;
				CLANG_WARN_QUOTED_INCLUDE_IN_FRAMEWORK_HEADER = YES;
				CLANG_WARN_RANGE_LOOP_ANALYSIS = YES;
				CLANG_WARN_STRICT_PROTOTYPES = YES;
				CLANG_WARN_SUSPICIOUS_MOVE = YES;
				CLANG_WARN_UNGUARDED_AVAILABILITY = YES_AGGRESSIVE;
				CLANG_WARN_UNREACHABLE_CODE = YES;
				CLANG_WARN__DUPLICATE_METHOD_MATCH = YES;
				COPY_PHASE_STRIP = NO;
				DEBUG_INFORMATION_FORMAT = "dwarf-with-dsym";
				ENABLE_NS_ASSERTIONS = NO;
				ENABLE_STRICT_OBJC_MSGSEND = YES;
				GCC_C_LANGUAGE_STANDARD = gnu11;
				GCC_NO_COMMON_BLOCKS = YES;
				GCC_WARN_64_TO_32_BIT_CONVERSION = YES;
				GCC_WARN_ABOUT_RETURN_TYPE = YES_ERROR;
				GCC_WARN_UNDECLARED_SELECTOR = YES;
				GCC_WARN_UNINITIALIZED_AUTOS = YES_AGGRESSIVE;
				GCC_WARN_UNUSED_FUNCTION = YES;
				GCC_WARN_UNUSED_VARIABLE = YES;
				IPHONEOS_DEPLOYMENT_TARGET = 15.4;
				MTL_ENABLE_DEBUG_INFO = NO;
				MTL_FAST_MATH = YES;
				SDKROOT = iphoneos;
				SWIFT_COMPILATION_MODE = wholemodule;
				SWIFT_OPTIMIZATION_LEVEL = "-O";
				VALIDATE_PRODUCT = YES;
			};
			name = Release;
		};
		7AE1B5A9280B7D14004BA8B8 /* Debug */ = {
			isa = XCBuildConfiguration;
			buildSettings = {
				ASSETCATALOG_COMPILER_APPICON_NAME = AppIcon;
				ASSETCATALOG_COMPILER_GLOBAL_ACCENT_COLOR_NAME = AccentColor;
				CODE_SIGN_STYLE = Automatic;
				CURRENT_PROJECT_VERSION = 1;
				DEVELOPMENT_ASSET_PATHS = "\"Cards2/Preview Content\"";
				DEVELOPMENT_TEAM = 6X47T39326;
				ENABLE_PREVIEWS = YES;
				GENERATE_INFOPLIST_FILE = YES;
				INFOPLIST_FILE = Cards2/Info.plist;
				INFOPLIST_KEY_UIApplicationSceneManifest_Generation = YES;
				INFOPLIST_KEY_UIApplicationSupportsIndirectInputEvents = YES;
				INFOPLIST_KEY_UISupportedInterfaceOrientations_iPad = "UIInterfaceOrientationPortrait UIInterfaceOrientationPortraitUpsideDown UIInterfaceOrientationLandscapeLeft UIInterfaceOrientationLandscapeRight";
				INFOPLIST_KEY_UISupportedInterfaceOrientations_iPhone = "UIInterfaceOrientationPortrait UIInterfaceOrientationLandscapeLeft UIInterfaceOrientationLandscapeRight";
				LD_RUNPATH_SEARCH_PATHS = (
					"$(inherited)",
					"@executable_path/Frameworks",
				);
				MARKETING_VERSION = 1.0;
				PRODUCT_BUNDLE_IDENTIFIER = com.nathan.Cards2;
				PRODUCT_NAME = "$(TARGET_NAME)";
				SWIFT_EMIT_LOC_STRINGS = YES;
				SWIFT_VERSION = 5.0;
				TARGETED_DEVICE_FAMILY = "1,2";
			};
			name = Debug;
		};
		7AE1B5AA280B7D14004BA8B8 /* Release */ = {
			isa = XCBuildConfiguration;
			buildSettings = {
				ASSETCATALOG_COMPILER_APPICON_NAME = AppIcon;
				ASSETCATALOG_COMPILER_GLOBAL_ACCENT_COLOR_NAME = AccentColor;
				CODE_SIGN_STYLE = Automatic;
				CURRENT_PROJECT_VERSION = 1;
				DEVELOPMENT_ASSET_PATHS = "\"Cards2/Preview Content\"";
				DEVELOPMENT_TEAM = 6X47T39326;
				ENABLE_PREVIEWS = YES;
				GENERATE_INFOPLIST_FILE = YES;
				INFOPLIST_FILE = Cards2/Info.plist;
				INFOPLIST_KEY_UIApplicationSceneManifest_Generation = YES;
				INFOPLIST_KEY_UIApplicationSupportsIndirectInputEvents = YES;
				INFOPLIST_KEY_UISupportedInterfaceOrientations_iPad = "UIInterfaceOrientationPortrait UIInterfaceOrientationPortraitUpsideDown UIInterfaceOrientationLandscapeLeft UIInterfaceOrientationLandscapeRight";
				INFOPLIST_KEY_UISupportedInterfaceOrientations_iPhone = "UIInterfaceOrientationPortrait UIInterfaceOrientationLandscapeLeft UIInterfaceOrientationLandscapeRight";
				LD_RUNPATH_SEARCH_PATHS = (
					"$(inherited)",
					"@executable_path/Frameworks",
				);
				MARKETING_VERSION = 1.0;
				PRODUCT_BUNDLE_IDENTIFIER = com.nathan.Cards2;
				PRODUCT_NAME = "$(TARGET_NAME)";
				SWIFT_EMIT_LOC_STRINGS = YES;
				SWIFT_VERSION = 5.0;
				TARGETED_DEVICE_FAMILY = "1,2";
			};
			name = Release;
		};
/* End XCBuildConfiguration section */

/* Begin XCConfigurationList section */
		7AE1B595280B7D13004BA8B8 /* Build configuration list for PBXProject "Cards2" */ = {
			isa = XCConfigurationList;
			buildConfigurations = (
				7AE1B5A6280B7D14004BA8B8 /* Debug */,
				7AE1B5A7280B7D14004BA8B8 /* Release */,
			);
			defaultConfigurationIsVisible = 0;
			defaultConfigurationName = Release;
		};
		7AE1B5A8280B7D14004BA8B8 /* Build configuration list for PBXNativeTarget "Cards2" */ = {
			isa = XCConfigurationList;
			buildConfigurations = (
				7AE1B5A9280B7D14004BA8B8 /* Debug */,
				7AE1B5AA280B7D14004BA8B8 /* Release */,
			);
			defaultConfigurationIsVisible = 0;
			defaultConfigurationName = Release;
		};
/* End XCConfigurationList section */
	};
	rootObject = 7AE1B592280B7D13004BA8B8 /* Project object */;
}
